{
  "requires": true,
  "lockfileVersion": 1,
  "dependencies": {
    "sfs2x-api": {
      "version": "1.7.17-a",
      "resolved": "https://registry.npmjs.org/sfs2x-api/-/sfs2x-api-1.7.17-a.tgz",
      "integrity": "sha512-n48R0tujPlRn92O05d9iL5IUHaqulQVbiLafbiB7zrSQa60+50f6nW7ivLaHVUw0nk8aG7kxvwmYcgwLY8CekA=="
    }
  }
}
